{
    "_readme": [
        "This file locks the dependencies of your project to a known state",
        "Read more about it at https://getcomposer.org/doc/01-basic-usage.md#installing-dependencies",
        "This file is @generated automatically"
    ],
    "content-hash": "82efcf2c56965b90e89231fbd27c5321",
    "packages": [
        {
            "name": "doctrine/instantiator",
            "version": "1.5.0",
            "source": {
                "type": "git",
                "url": "https://github.com/doctrine/instantiator.git",
                "reference": "0a0fa9780f5d4e507415a065172d26a98d02047b"
            },
            "dist": {
                "type": "zip",
                "url": "https://api.github.com/repos/doctrine/instantiator/zipball/0a0fa9780f5d4e507415a065172d26a98d02047b",
                "reference": "0a0fa9780f5d4e507415a065172d26a98d02047b",
                "shasum": ""
            },
            "require": {
                "php": "^7.1 || ^8.0"
            },
            "require-dev": {
                "doctrine/coding-standard": "^9 || ^11",
                "ext-pdo": "*",
                "ext-phar": "*",
                "phpbench/phpbench": "^0.16 || ^1",
                "phpstan/phpstan": "^1.4",
                "phpstan/phpstan-phpunit": "^1",
                "phpunit/phpunit": "^7.5 || ^8.5 || ^9.5",
                "vimeo/psalm": "^4.30 || ^5.4"
            },
            "type": "library",
            "autoload": {
                "psr-4": {
                    "Doctrine\\Instantiator\\": "src/Doctrine/Instantiator/"
                }
            },
            "notification-url": "https://packagist.org/downloads/",
            "license": [
                "MIT"
            ],
            "authors": [
                {
                    "name": "Marco Pivetta",
                    "email": "ocramius@gmail.com",
                    "homepage": "https://ocramius.github.io/"
                }
            ],
            "description": "A small, lightweight utility to instantiate objects in PHP without invoking their constructors",
            "homepage": "https://www.doctrine-project.org/projects/instantiator.html",
            "keywords": [
                "constructor",
                "instantiate"
            ],
            "support": {
                "issues": "https://github.com/doctrine/instantiator/issues",
                "source": "https://github.com/doctrine/instantiator/tree/1.5.0"
            },
            "funding": [
                {
                    "url": "https://www.doctrine-project.org/sponsorship.html",
                    "type": "custom"
                },
                {
                    "url": "https://www.patreon.com/phpdoctrine",
                    "type": "patreon"
                },
                {
                    "url": "https://tidelift.com/funding/github/packagist/doctrine%2Finstantiator",
                    "type": "tidelift"
                }
            ],
            "time": "2022-12-30T00:15:36+00:00"
        },
        {
            "name": "myclabs/deep-copy",
            "version": "1.12.0",
            "source": {
                "type": "git",
                "url": "https://github.com/myclabs/DeepCopy.git",
                "reference": "3a6b9a42cd8f8771bd4295d13e1423fa7f3d942c"
            },
            "dist": {
                "type": "zip",
                "url": "https://api.github.com/repos/myclabs/DeepCopy/zipball/3a6b9a42cd8f8771bd4295d13e1423fa7f3d942c",
                "reference": "3a6b9a42cd8f8771bd4295d13e1423fa7f3d942c",
                "shasum": ""
            },
            "require": {
                "php": "^7.1 || ^8.0"
            },
            "conflict": {
                "doctrine/collections": "<1.6.8",
                "doctrine/common": "<2.13.3 || >=3 <3.2.2"
            },
            "require-dev": {
                "doctrine/collections": "^1.6.8",
                "doctrine/common": "^2.13.3 || ^3.2.2",
                "phpspec/prophecy": "^1.10",
                "phpunit/phpunit": "^7.5.20 || ^8.5.23 || ^9.5.13"
            },
            "type": "library",
            "autoload": {
                "files": [
                    "src/DeepCopy/deep_copy.php"
                ],
                "psr-4": {
                    "DeepCopy\\": "src/DeepCopy/"
                }
            },
            "notification-url": "https://packagist.org/downloads/",
            "license": [
                "MIT"
            ],
            "description": "Create deep copies (clones) of your objects",
            "keywords": [
                "clone",
                "copy",
                "duplicate",
                "object",
                "object graph"
            ],
            "support": {
                "issues": "https://github.com/myclabs/DeepCopy/issues",
                "source": "https://github.com/myclabs/DeepCopy/tree/1.12.0"
            },
            "funding": [
                {
                    "url": "https://tidelift.com/funding/github/packagist/myclabs/deep-copy",
                    "type": "tidelift"
                }
            ],
            "time": "2024-06-12T14:39:25+00:00"
        },
        {
            "name": "phar-io/manifest",
            "version": "2.0.4",
            "source": {
                "type": "git",
                "url": "https://github.com/phar-io/manifest.git",
                "reference": "54750ef60c58e43759730615a392c31c80e23176"
            },
            "dist": {
                "type": "zip",
                "url": "https://api.github.com/repos/phar-io/manifest/zipball/54750ef60c58e43759730615a392c31c80e23176",
                "reference": "54750ef60c58e43759730615a392c31c80e23176",
                "shasum": ""
            },
            "require": {
                "ext-dom": "*",
                "ext-libxml": "*",
                "ext-phar": "*",
                "ext-xmlwriter": "*",
                "phar-io/version": "^3.0.1",
                "php": "^7.2 || ^8.0"
            },
            "type": "library",
            "extra": {
                "branch-alias": {
                    "dev-master": "2.0.x-dev"
                }
            },
            "autoload": {
                "classmap": [
                    "src/"
                ]
            },
            "notification-url": "https://packagist.org/downloads/",
            "license": [
                "BSD-3-Clause"
            ],
            "authors": [
                {
                    "name": "Arne Blankerts",
                    "email": "arne@blankerts.de",
                    "role": "Developer"
                },
                {
                    "name": "Sebastian Heuer",
                    "email": "sebastian@phpeople.de",
                    "role": "Developer"
                },
                {
                    "name": "Sebastian Bergmann",
                    "email": "sebastian@phpunit.de",
                    "role": "Developer"
                }
            ],
            "description": "Component for reading phar.io manifest information from a PHP Archive (PHAR)",
            "support": {
                "issues": "https://github.com/phar-io/manifest/issues",
                "source": "https://github.com/phar-io/manifest/tree/2.0.4"
            },
            "funding": [
                {
                    "url": "https://github.com/theseer",
                    "type": "github"
                }
            ],
            "time": "2024-03-03T12:33:53+00:00"
        },
        {
            "name": "phar-io/version",
            "version": "3.2.1",
            "source": {
                "type": "git",
                "url": "https://github.com/phar-io/version.git",
                "reference": "4f7fd7836c6f332bb2933569e566a0d6c4cbed74"
            },
            "dist": {
                "type": "zip",
                "url": "https://api.github.com/repos/phar-io/version/zipball/4f7fd7836c6f332bb2933569e566a0d6c4cbed74",
                "reference": "4f7fd7836c6f332bb2933569e566a0d6c4cbed74",
                "shasum": ""
            },
            "require": {
                "php": "^7.2 || ^8.0"
            },
            "type": "library",
            "autoload": {
                "classmap": [
                    "src/"
                ]
            },
            "notification-url": "https://packagist.org/downloads/",
            "license": [
                "BSD-3-Clause"
            ],
            "authors": [
                {
                    "name": "Arne Blankerts",
                    "email": "arne@blankerts.de",
                    "role": "Developer"
                },
                {
                    "name": "Sebastian Heuer",
                    "email": "sebastian@phpeople.de",
                    "role": "Developer"
                },
                {
                    "name": "Sebastian Bergmann",
                    "email": "sebastian@phpunit.de",
                    "role": "Developer"
                }
            ],
            "description": "Library for handling version information and constraints",
            "support": {
                "issues": "https://github.com/phar-io/version/issues",
                "source": "https://github.com/phar-io/version/tree/3.2.1"
            },
            "time": "2022-02-21T01:04:05+00:00"
        },
        {
            "name": "phpunit/php-code-coverage",
            "version": "7.0.17",
            "source": {
                "type": "git",
                "url": "https://github.com/sebastianbergmann/php-code-coverage.git",
                "reference": "40a4ed114a4aea5afd6df8d0f0c9cd3033097f66"
            },
            "dist": {
                "type": "zip",
                "url": "https://api.github.com/repos/sebastianbergmann/php-code-coverage/zipball/40a4ed114a4aea5afd6df8d0f0c9cd3033097f66",
                "reference": "40a4ed114a4aea5afd6df8d0f0c9cd3033097f66",
                "shasum": ""
            },
            "require": {
                "ext-dom": "*",
                "ext-xmlwriter": "*",
                "php": ">=7.2",
                "phpunit/php-file-iterator": "^2.0.2",
                "phpunit/php-text-template": "^1.2.1",
                "phpunit/php-token-stream": "^3.1.3 || ^4.0",
                "sebastian/code-unit-reverse-lookup": "^1.0.1",
                "sebastian/environment": "^4.2.2",
                "sebastian/version": "^2.0.1",
                "theseer/tokenizer": "^1.1.3"
            },
            "require-dev": {
                "phpunit/phpunit": "^8.2.2"
            },
            "suggest": {
                "ext-xdebug": "^2.7.2"
            },
            "type": "library",
            "extra": {
                "branch-alias": {
                    "dev-master": "7.0-dev"
                }
            },
            "autoload": {
                "classmap": [
                    "src/"
                ]
            },
            "notification-url": "https://packagist.org/downloads/",
            "license": [
                "BSD-3-Clause"
            ],
            "authors": [
                {
                    "name": "Sebastian Bergmann",
                    "email": "sebastian@phpunit.de",
                    "role": "lead"
                }
            ],
            "description": "Library that provides collection, processing, and rendering functionality for PHP code coverage information.",
            "homepage": "https://github.com/sebastianbergmann/php-code-coverage",
            "keywords": [
                "coverage",
                "testing",
                "xunit"
            ],
            "support": {
                "issues": "https://github.com/sebastianbergmann/php-code-coverage/issues",
                "source": "https://github.com/sebastianbergmann/php-code-coverage/tree/7.0.17"
            },
            "funding": [
                {
                    "url": "https://github.com/sebastianbergmann",
                    "type": "github"
                }
            ],
            "time": "2024-03-02T06:09:37+00:00"
        },
        {
            "name": "phpunit/php-file-iterator",
            "version": "2.0.6",
            "source": {
                "type": "git",
                "url": "https://github.com/sebastianbergmann/php-file-iterator.git",
                "reference": "69deeb8664f611f156a924154985fbd4911eb36b"
            },
            "dist": {
                "type": "zip",
                "url": "https://api.github.com/repos/sebastianbergmann/php-file-iterator/zipball/69deeb8664f611f156a924154985fbd4911eb36b",
                "reference": "69deeb8664f611f156a924154985fbd4911eb36b",
                "shasum": ""
            },
            "require": {
                "php": ">=7.1"
            },
            "require-dev": {
                "phpunit/phpunit": "^8.5"
            },
            "type": "library",
            "extra": {
                "branch-alias": {
                    "dev-master": "2.0.x-dev"
                }
            },
            "autoload": {
                "classmap": [
                    "src/"
                ]
            },
            "notification-url": "https://packagist.org/downloads/",
            "license": [
                "BSD-3-Clause"
            ],
            "authors": [
                {
                    "name": "Sebastian Bergmann",
                    "email": "sebastian@phpunit.de",
                    "role": "lead"
                }
            ],
            "description": "FilterIterator implementation that filters files based on a list of suffixes.",
            "homepage": "https://github.com/sebastianbergmann/php-file-iterator/",
            "keywords": [
                "filesystem",
                "iterator"
            ],
            "support": {
                "issues": "https://github.com/sebastianbergmann/php-file-iterator/issues",
                "source": "https://github.com/sebastianbergmann/php-file-iterator/tree/2.0.6"
            },
            "funding": [
                {
                    "url": "https://github.com/sebastianbergmann",
                    "type": "github"
                }
            ],
            "time": "2024-03-01T13:39:50+00:00"
        },
        {
            "name": "phpunit/php-text-template",
            "version": "1.2.1",
            "source": {
                "type": "git",
                "url": "https://github.com/sebastianbergmann/php-text-template.git",
                "reference": "31f8b717e51d9a2afca6c9f046f5d69fc27c8686"
            },
            "dist": {
                "type": "zip",
                "url": "https://api.github.com/repos/sebastianbergmann/php-text-template/zipball/31f8b717e51d9a2afca6c9f046f5d69fc27c8686",
                "reference": "31f8b717e51d9a2afca6c9f046f5d69fc27c8686",
                "shasum": ""
            },
            "require": {
                "php": ">=5.3.3"
            },
            "type": "library",
            "autoload": {
                "classmap": [
                    "src/"
                ]
            },
            "notification-url": "https://packagist.org/downloads/",
            "license": [
                "BSD-3-Clause"
            ],
            "authors": [
                {
                    "name": "Sebastian Bergmann",
                    "email": "sebastian@phpunit.de",
                    "role": "lead"
                }
            ],
            "description": "Simple template engine.",
            "homepage": "https://github.com/sebastianbergmann/php-text-template/",
            "keywords": [
                "template"
            ],
            "support": {
                "issues": "https://github.com/sebastianbergmann/php-text-template/issues",
                "source": "https://github.com/sebastianbergmann/php-text-template/tree/1.2.1"
            },
            "time": "2015-06-21T13:50:34+00:00"
        },
        {
            "name": "phpunit/php-timer",
            "version": "2.1.4",
            "source": {
                "type": "git",
                "url": "https://github.com/sebastianbergmann/php-timer.git",
                "reference": "a691211e94ff39a34811abd521c31bd5b305b0bb"
            },
            "dist": {
                "type": "zip",
                "url": "https://api.github.com/repos/sebastianbergmann/php-timer/zipball/a691211e94ff39a34811abd521c31bd5b305b0bb",
                "reference": "a691211e94ff39a34811abd521c31bd5b305b0bb",
                "shasum": ""
            },
            "require": {
                "php": ">=7.1"
            },
            "require-dev": {
                "phpunit/phpunit": "^8.5"
            },
            "type": "library",
            "extra": {
                "branch-alias": {
                    "dev-master": "2.1-dev"
                }
            },
            "autoload": {
                "classmap": [
                    "src/"
                ]
            },
            "notification-url": "https://packagist.org/downloads/",
            "license": [
                "BSD-3-Clause"
            ],
            "authors": [
                {
                    "name": "Sebastian Bergmann",
                    "email": "sebastian@phpunit.de",
                    "role": "lead"
                }
            ],
            "description": "Utility class for timing",
            "homepage": "https://github.com/sebastianbergmann/php-timer/",
            "keywords": [
                "timer"
            ],
            "support": {
                "issues": "https://github.com/sebastianbergmann/php-timer/issues",
                "source": "https://github.com/sebastianbergmann/php-timer/tree/2.1.4"
            },
            "funding": [
                {
                    "url": "https://github.com/sebastianbergmann",
                    "type": "github"
                }
            ],
            "time": "2024-03-01T13:42:41+00:00"
        },
        {
            "name": "phpunit/php-token-stream",
            "version": "3.1.3",
            "source": {
                "type": "git",
                "url": "https://github.com/sebastianbergmann/php-token-stream.git",
                "reference": "9c1da83261628cb24b6a6df371b6e312b3954768"
            },
            "dist": {
                "type": "zip",
                "url": "https://api.github.com/repos/sebastianbergmann/php-token-stream/zipball/9c1da83261628cb24b6a6df371b6e312b3954768",
                "reference": "9c1da83261628cb24b6a6df371b6e312b3954768",
                "shasum": ""
            },
            "require": {
                "ext-tokenizer": "*",
                "php": ">=7.1"
            },
            "require-dev": {
                "phpunit/phpunit": "^7.0"
            },
            "type": "library",
            "extra": {
                "branch-alias": {
                    "dev-master": "3.1-dev"
                }
            },
            "autoload": {
                "classmap": [
                    "src/"
                ]
            },
            "notification-url": "https://packagist.org/downloads/",
            "license": [
                "BSD-3-Clause"
            ],
            "authors": [
                {
                    "name": "Sebastian Bergmann",
                    "email": "sebastian@phpunit.de"
                }
            ],
            "description": "Wrapper around PHP's tokenizer extension.",
            "homepage": "https://github.com/sebastianbergmann/php-token-stream/",
            "keywords": [
                "tokenizer"
            ],
            "support": {
                "issues": "https://github.com/sebastianbergmann/php-token-stream/issues",
                "source": "https://github.com/sebastianbergmann/php-token-stream/tree/3.1.3"
            },
            "funding": [
                {
                    "url": "https://github.com/sebastianbergmann",
                    "type": "github"
                }
            ],
            "abandoned": true,
            "time": "2021-07-26T12:15:06+00:00"
        },
        {
            "name": "sebastian/code-unit-reverse-lookup",
            "version": "1.0.3",
            "source": {
                "type": "git",
                "url": "https://github.com/sebastianbergmann/code-unit-reverse-lookup.git",
                "reference": "92a1a52e86d34cde6caa54f1b5ffa9fda18e5d54"
            },
            "dist": {
                "type": "zip",
                "url": "https://api.github.com/repos/sebastianbergmann/code-unit-reverse-lookup/zipball/92a1a52e86d34cde6caa54f1b5ffa9fda18e5d54",
                "reference": "92a1a52e86d34cde6caa54f1b5ffa9fda18e5d54",
                "shasum": ""
            },
            "require": {
                "php": ">=5.6"
            },
            "require-dev": {
                "phpunit/phpunit": "^8.5"
            },
            "type": "library",
            "extra": {
                "branch-alias": {
                    "dev-master": "1.0.x-dev"
                }
            },
            "autoload": {
                "classmap": [
                    "src/"
                ]
            },
            "notification-url": "https://packagist.org/downloads/",
            "license": [
                "BSD-3-Clause"
            ],
            "authors": [
                {
                    "name": "Sebastian Bergmann",
                    "email": "sebastian@phpunit.de"
                }
            ],
            "description": "Looks up which function or method a line of code belongs to",
            "homepage": "https://github.com/sebastianbergmann/code-unit-reverse-lookup/",
            "support": {
                "issues": "https://github.com/sebastianbergmann/code-unit-reverse-lookup/issues",
                "source": "https://github.com/sebastianbergmann/code-unit-reverse-lookup/tree/1.0.3"
            },
            "funding": [
                {
                    "url": "https://github.com/sebastianbergmann",
                    "type": "github"
                }
            ],
            "time": "2024-03-01T13:45:45+00:00"
        },
        {
            "name": "sebastian/comparator",
            "version": "3.0.5",
            "source": {
                "type": "git",
                "url": "https://github.com/sebastianbergmann/comparator.git",
                "reference": "1dc7ceb4a24aede938c7af2a9ed1de09609ca770"
            },
            "dist": {
                "type": "zip",
                "url": "https://api.github.com/repos/sebastianbergmann/comparator/zipball/1dc7ceb4a24aede938c7af2a9ed1de09609ca770",
                "reference": "1dc7ceb4a24aede938c7af2a9ed1de09609ca770",
                "shasum": ""
            },
            "require": {
                "php": ">=7.1",
                "sebastian/diff": "^3.0",
                "sebastian/exporter": "^3.1"
            },
            "require-dev": {
                "phpunit/phpunit": "^8.5"
            },
            "type": "library",
            "extra": {
                "branch-alias": {
                    "dev-master": "3.0-dev"
                }
            },
            "autoload": {
                "classmap": [
                    "src/"
                ]
            },
            "notification-url": "https://packagist.org/downloads/",
            "license": [
                "BSD-3-Clause"
            ],
            "authors": [
                {
                    "name": "Sebastian Bergmann",
                    "email": "sebastian@phpunit.de"
                },
                {
                    "name": "Jeff Welch",
                    "email": "whatthejeff@gmail.com"
                },
                {
                    "name": "Volker Dusch",
                    "email": "github@wallbash.com"
                },
                {
                    "name": "Bernhard Schussek",
                    "email": "bschussek@2bepublished.at"
                }
            ],
            "description": "Provides the functionality to compare PHP values for equality",
            "homepage": "https://github.com/sebastianbergmann/comparator",
            "keywords": [
                "comparator",
                "compare",
                "equality"
            ],
            "support": {
                "issues": "https://github.com/sebastianbergmann/comparator/issues",
                "source": "https://github.com/sebastianbergmann/comparator/tree/3.0.5"
            },
            "funding": [
                {
                    "url": "https://github.com/sebastianbergmann",
                    "type": "github"
                }
            ],
            "time": "2022-09-14T12:31:48+00:00"
        },
        {
            "name": "sebastian/diff",
            "version": "3.0.6",
            "source": {
                "type": "git",
                "url": "https://github.com/sebastianbergmann/diff.git",
                "reference": "98ff311ca519c3aa73ccd3de053bdb377171d7b6"
            },
            "dist": {
                "type": "zip",
                "url": "https://api.github.com/repos/sebastianbergmann/diff/zipball/98ff311ca519c3aa73ccd3de053bdb377171d7b6",
                "reference": "98ff311ca519c3aa73ccd3de053bdb377171d7b6",
                "shasum": ""
            },
            "require": {
                "php": ">=7.1"
            },
            "require-dev": {
                "phpunit/phpunit": "^7.5 || ^8.0",
                "symfony/process": "^2 || ^3.3 || ^4"
            },
            "type": "library",
            "extra": {
                "branch-alias": {
                    "dev-master": "3.0-dev"
                }
            },
            "autoload": {
                "classmap": [
                    "src/"
                ]
            },
            "notification-url": "https://packagist.org/downloads/",
            "license": [
                "BSD-3-Clause"
            ],
            "authors": [
                {
                    "name": "Sebastian Bergmann",
                    "email": "sebastian@phpunit.de"
                },
                {
                    "name": "Kore Nordmann",
                    "email": "mail@kore-nordmann.de"
                }
            ],
            "description": "Diff implementation",
            "homepage": "https://github.com/sebastianbergmann/diff",
            "keywords": [
                "diff",
                "udiff",
                "unidiff",
                "unified diff"
            ],
            "support": {
                "issues": "https://github.com/sebastianbergmann/diff/issues",
                "source": "https://github.com/sebastianbergmann/diff/tree/3.0.6"
            },
            "funding": [
                {
                    "url": "https://github.com/sebastianbergmann",
                    "type": "github"
                }
            ],
            "time": "2024-03-02T06:16:36+00:00"
        },
        {
            "name": "sebastian/environment",
            "version": "4.2.5",
            "source": {
                "type": "git",
                "url": "https://github.com/sebastianbergmann/environment.git",
                "reference": "56932f6049a0482853056ffd617c91ffcc754205"
            },
            "dist": {
                "type": "zip",
                "url": "https://api.github.com/repos/sebastianbergmann/environment/zipball/56932f6049a0482853056ffd617c91ffcc754205",
                "reference": "56932f6049a0482853056ffd617c91ffcc754205",
                "shasum": ""
            },
            "require": {
                "php": ">=7.1"
            },
            "require-dev": {
                "phpunit/phpunit": "^7.5"
            },
            "suggest": {
                "ext-posix": "*"
            },
            "type": "library",
            "extra": {
                "branch-alias": {
                    "dev-master": "4.2-dev"
                }
            },
            "autoload": {
                "classmap": [
                    "src/"
                ]
            },
            "notification-url": "https://packagist.org/downloads/",
            "license": [
                "BSD-3-Clause"
            ],
            "authors": [
                {
                    "name": "Sebastian Bergmann",
                    "email": "sebastian@phpunit.de"
                }
            ],
            "description": "Provides functionality to handle HHVM/PHP environments",
            "homepage": "http://www.github.com/sebastianbergmann/environment",
            "keywords": [
                "Xdebug",
                "environment",
                "hhvm"
            ],
            "support": {
                "issues": "https://github.com/sebastianbergmann/environment/issues",
                "source": "https://github.com/sebastianbergmann/environment/tree/4.2.5"
            },
            "funding": [
                {
                    "url": "https://github.com/sebastianbergmann",
                    "type": "github"
                }
            ],
            "time": "2024-03-01T13:49:59+00:00"
        },
        {
            "name": "sebastian/exporter",
            "version": "3.1.6",
            "source": {
                "type": "git",
                "url": "https://github.com/sebastianbergmann/exporter.git",
                "reference": "1939bc8fd1d39adcfa88c5b35335910869214c56"
            },
            "dist": {
                "type": "zip",
                "url": "https://api.github.com/repos/sebastianbergmann/exporter/zipball/1939bc8fd1d39adcfa88c5b35335910869214c56",
                "reference": "1939bc8fd1d39adcfa88c5b35335910869214c56",
                "shasum": ""
            },
            "require": {
                "php": ">=7.2",
                "sebastian/recursion-context": "^3.0"
            },
            "require-dev": {
                "ext-mbstring": "*",
                "phpunit/phpunit": "^8.5"
            },
            "type": "library",
            "extra": {
                "branch-alias": {
                    "dev-master": "3.1.x-dev"
                }
            },
            "autoload": {
                "classmap": [
                    "src/"
                ]
            },
            "notification-url": "https://packagist.org/downloads/",
            "license": [
                "BSD-3-Clause"
            ],
            "authors": [
                {
                    "name": "Sebastian Bergmann",
                    "email": "sebastian@phpunit.de"
                },
                {
                    "name": "Jeff Welch",
                    "email": "whatthejeff@gmail.com"
                },
                {
                    "name": "Volker Dusch",
                    "email": "github@wallbash.com"
                },
                {
                    "name": "Adam Harvey",
                    "email": "aharvey@php.net"
                },
                {
                    "name": "Bernhard Schussek",
                    "email": "bschussek@gmail.com"
                }
            ],
            "description": "Provides the functionality to export PHP variables for visualization",
            "homepage": "http://www.github.com/sebastianbergmann/exporter",
            "keywords": [
                "export",
                "exporter"
            ],
            "support": {
                "issues": "https://github.com/sebastianbergmann/exporter/issues",
                "source": "https://github.com/sebastianbergmann/exporter/tree/3.1.6"
            },
            "funding": [
                {
                    "url": "https://github.com/sebastianbergmann",
                    "type": "github"
                }
            ],
            "time": "2024-03-02T06:21:38+00:00"
        },
        {
            "name": "sebastian/global-state",
            "version": "3.0.5",
            "source": {
                "type": "git",
                "url": "https://github.com/sebastianbergmann/global-state.git",
                "reference": "91c7c47047a971f02de57ed6f040087ef110c5d9"
            },
            "dist": {
                "type": "zip",
                "url": "https://api.github.com/repos/sebastianbergmann/global-state/zipball/91c7c47047a971f02de57ed6f040087ef110c5d9",
                "reference": "91c7c47047a971f02de57ed6f040087ef110c5d9",
                "shasum": ""
            },
            "require": {
                "php": ">=7.2",
                "sebastian/object-reflector": "^1.1.1",
                "sebastian/recursion-context": "^3.0"
            },
            "require-dev": {
                "ext-dom": "*",
                "phpunit/phpunit": "^8.0"
            },
            "suggest": {
                "ext-uopz": "*"
            },
            "type": "library",
            "extra": {
                "branch-alias": {
                    "dev-master": "3.0-dev"
                }
            },
            "autoload": {
                "classmap": [
                    "src/"
                ]
            },
            "notification-url": "https://packagist.org/downloads/",
            "license": [
                "BSD-3-Clause"
            ],
            "authors": [
                {
                    "name": "Sebastian Bergmann",
                    "email": "sebastian@phpunit.de"
                }
            ],
            "description": "Snapshotting of global state",
            "homepage": "http://www.github.com/sebastianbergmann/global-state",
            "keywords": [
                "global state"
            ],
            "support": {
                "issues": "https://github.com/sebastianbergmann/global-state/issues",
                "source": "https://github.com/sebastianbergmann/global-state/tree/3.0.5"
            },
            "funding": [
                {
                    "url": "https://github.com/sebastianbergmann",
                    "type": "github"
                }
            ],
            "time": "2024-03-02T06:13:16+00:00"
        },
        {
            "name": "sebastian/object-enumerator",
            "version": "3.0.5",
            "source": {
                "type": "git",
                "url": "https://github.com/sebastianbergmann/object-enumerator.git",
                "reference": "ac5b293dba925751b808e02923399fb44ff0d541"
            },
            "dist": {
                "type": "zip",
                "url": "https://api.github.com/repos/sebastianbergmann/object-enumerator/zipball/ac5b293dba925751b808e02923399fb44ff0d541",
                "reference": "ac5b293dba925751b808e02923399fb44ff0d541",
                "shasum": ""
            },
            "require": {
                "php": ">=7.0",
                "sebastian/object-reflector": "^1.1.1",
                "sebastian/recursion-context": "^3.0"
            },
            "require-dev": {
                "phpunit/phpunit": "^6.0"
            },
            "type": "library",
            "extra": {
                "branch-alias": {
                    "dev-master": "3.0.x-dev"
                }
            },
            "autoload": {
                "classmap": [
                    "src/"
                ]
            },
            "notification-url": "https://packagist.org/downloads/",
            "license": [
                "BSD-3-Clause"
            ],
            "authors": [
                {
                    "name": "Sebastian Bergmann",
                    "email": "sebastian@phpunit.de"
                }
            ],
            "description": "Traverses array structures and object graphs to enumerate all referenced objects",
            "homepage": "https://github.com/sebastianbergmann/object-enumerator/",
            "support": {
                "issues": "https://github.com/sebastianbergmann/object-enumerator/issues",
                "source": "https://github.com/sebastianbergmann/object-enumerator/tree/3.0.5"
            },
            "funding": [
                {
                    "url": "https://github.com/sebastianbergmann",
                    "type": "github"
                }
            ],
            "time": "2024-03-01T13:54:02+00:00"
        },
        {
            "name": "sebastian/object-reflector",
            "version": "1.1.3",
            "source": {
                "type": "git",
                "url": "https://github.com/sebastianbergmann/object-reflector.git",
                "reference": "1d439c229e61f244ff1f211e5c99737f90c67def"
            },
            "dist": {
                "type": "zip",
                "url": "https://api.github.com/repos/sebastianbergmann/object-reflector/zipball/1d439c229e61f244ff1f211e5c99737f90c67def",
                "reference": "1d439c229e61f244ff1f211e5c99737f90c67def",
                "shasum": ""
            },
            "require": {
                "php": ">=7.0"
            },
            "require-dev": {
                "phpunit/phpunit": "^6.0"
            },
            "type": "library",
            "extra": {
                "branch-alias": {
                    "dev-master": "1.1-dev"
                }
            },
            "autoload": {
                "classmap": [
                    "src/"
                ]
            },
            "notification-url": "https://packagist.org/downloads/",
            "license": [
                "BSD-3-Clause"
            ],
            "authors": [
                {
                    "name": "Sebastian Bergmann",
                    "email": "sebastian@phpunit.de"
                }
            ],
            "description": "Allows reflection of object attributes, including inherited and non-public ones",
            "homepage": "https://github.com/sebastianbergmann/object-reflector/",
            "support": {
                "issues": "https://github.com/sebastianbergmann/object-reflector/issues",
                "source": "https://github.com/sebastianbergmann/object-reflector/tree/1.1.3"
            },
            "funding": [
                {
                    "url": "https://github.com/sebastianbergmann",
                    "type": "github"
                }
            ],
            "time": "2024-03-01T13:56:04+00:00"
        },
        {
            "name": "sebastian/recursion-context",
            "version": "3.0.2",
            "source": {
                "type": "git",
                "url": "https://github.com/sebastianbergmann/recursion-context.git",
                "reference": "9bfd3c6f1f08c026f542032dfb42813544f7d64c"
            },
            "dist": {
                "type": "zip",
                "url": "https://api.github.com/repos/sebastianbergmann/recursion-context/zipball/9bfd3c6f1f08c026f542032dfb42813544f7d64c",
                "reference": "9bfd3c6f1f08c026f542032dfb42813544f7d64c",
                "shasum": ""
            },
            "require": {
                "php": ">=7.0"
            },
            "require-dev": {
                "phpunit/phpunit": "^6.0"
            },
            "type": "library",
            "extra": {
                "branch-alias": {
                    "dev-master": "3.0.x-dev"
                }
            },
            "autoload": {
                "classmap": [
                    "src/"
                ]
            },
            "notification-url": "https://packagist.org/downloads/",
            "license": [
                "BSD-3-Clause"
            ],
            "authors": [
                {
                    "name": "Sebastian Bergmann",
                    "email": "sebastian@phpunit.de"
                },
                {
                    "name": "Jeff Welch",
                    "email": "whatthejeff@gmail.com"
                },
                {
                    "name": "Adam Harvey",
                    "email": "aharvey@php.net"
                }
            ],
            "description": "Provides functionality to recursively process PHP variables",
            "homepage": "http://www.github.com/sebastianbergmann/recursion-context",
            "support": {
                "issues": "https://github.com/sebastianbergmann/recursion-context/issues",
                "source": "https://github.com/sebastianbergmann/recursion-context/tree/3.0.2"
            },
            "funding": [
                {
                    "url": "https://github.com/sebastianbergmann",
                    "type": "github"
                }
            ],
            "time": "2024-03-01T14:07:30+00:00"
        },
        {
            "name": "sebastian/resource-operations",
            "version": "2.0.3",
            "source": {
                "type": "git",
                "url": "https://github.com/sebastianbergmann/resource-operations.git",
                "reference": "72a7f7674d053d548003b16ff5a106e7e0e06eee"
            },
            "dist": {
                "type": "zip",
                "url": "https://api.github.com/repos/sebastianbergmann/resource-operations/zipball/72a7f7674d053d548003b16ff5a106e7e0e06eee",
                "reference": "72a7f7674d053d548003b16ff5a106e7e0e06eee",
                "shasum": ""
            },
            "require": {
                "php": ">=7.1"
            },
            "type": "library",
            "extra": {
                "branch-alias": {
                    "dev-master": "2.0-dev"
                }
            },
            "autoload": {
                "classmap": [
                    "src/"
                ]
            },
            "notification-url": "https://packagist.org/downloads/",
            "license": [
                "BSD-3-Clause"
            ],
            "authors": [
                {
                    "name": "Sebastian Bergmann",
                    "email": "sebastian@phpunit.de"
                }
            ],
            "description": "Provides a list of PHP built-in functions that operate on resources",
            "homepage": "https://www.github.com/sebastianbergmann/resource-operations",
            "support": {
                "source": "https://github.com/sebastianbergmann/resource-operations/tree/2.0.3"
            },
            "funding": [
                {
                    "url": "https://github.com/sebastianbergmann",
                    "type": "github"
                }
            ],
            "time": "2024-03-01T13:59:09+00:00"
        },
        {
            "name": "sebastian/type",
            "version": "1.1.5",
            "source": {
                "type": "git",
                "url": "https://github.com/sebastianbergmann/type.git",
                "reference": "18f071c3a29892b037d35e6b20ddf3ea39b42874"
            },
            "dist": {
                "type": "zip",
                "url": "https://api.github.com/repos/sebastianbergmann/type/zipball/18f071c3a29892b037d35e6b20ddf3ea39b42874",
                "reference": "18f071c3a29892b037d35e6b20ddf3ea39b42874",
                "shasum": ""
            },
            "require": {
                "php": ">=7.2"
            },
            "require-dev": {
                "phpunit/phpunit": "^8.2"
            },
            "type": "library",
            "extra": {
                "branch-alias": {
                    "dev-master": "1.1-dev"
                }
            },
            "autoload": {
                "classmap": [
                    "src/"
                ]
            },
            "notification-url": "https://packagist.org/downloads/",
            "license": [
                "BSD-3-Clause"
            ],
            "authors": [
                {
                    "name": "Sebastian Bergmann",
                    "email": "sebastian@phpunit.de",
                    "role": "lead"
                }
            ],
            "description": "Collection of value objects that represent the types of the PHP type system",
            "homepage": "https://github.com/sebastianbergmann/type",
            "support": {
                "issues": "https://github.com/sebastianbergmann/type/issues",
                "source": "https://github.com/sebastianbergmann/type/tree/1.1.5"
            },
            "funding": [
                {
                    "url": "https://github.com/sebastianbergmann",
                    "type": "github"
                }
            ],
            "time": "2024-03-01T14:04:07+00:00"
        },
        {
            "name": "sebastian/version",
            "version": "2.0.1",
            "source": {
                "type": "git",
                "url": "https://github.com/sebastianbergmann/version.git",
                "reference": "99732be0ddb3361e16ad77b68ba41efc8e979019"
            },
            "dist": {
                "type": "zip",
                "url": "https://api.github.com/repos/sebastianbergmann/version/zipball/99732be0ddb3361e16ad77b68ba41efc8e979019",
                "reference": "99732be0ddb3361e16ad77b68ba41efc8e979019",
                "shasum": ""
            },
            "require": {
                "php": ">=5.6"
            },
            "type": "library",
            "extra": {
                "branch-alias": {
                    "dev-master": "2.0.x-dev"
                }
            },
            "autoload": {
                "classmap": [
                    "src/"
                ]
            },
            "notification-url": "https://packagist.org/downloads/",
            "license": [
                "BSD-3-Clause"
            ],
            "authors": [
                {
                    "name": "Sebastian Bergmann",
                    "email": "sebastian@phpunit.de",
                    "role": "lead"
                }
            ],
            "description": "Library that helps with managing the version number of Git-hosted PHP projects",
            "homepage": "https://github.com/sebastianbergmann/version",
            "support": {
                "issues": "https://github.com/sebastianbergmann/version/issues",
                "source": "https://github.com/sebastianbergmann/version/tree/master"
            },
            "time": "2016-10-03T07:35:21+00:00"
        },
        {
            "name": "theseer/tokenizer",
            "version": "1.2.3",
            "source": {
                "type": "git",
                "url": "https://github.com/theseer/tokenizer.git",
                "reference": "737eda637ed5e28c3413cb1ebe8bb52cbf1ca7a2"
            },
            "dist": {
                "type": "zip",
                "url": "https://api.github.com/repos/theseer/tokenizer/zipball/737eda637ed5e28c3413cb1ebe8bb52cbf1ca7a2",
                "reference": "737eda637ed5e28c3413cb1ebe8bb52cbf1ca7a2",
                "shasum": ""
            },
            "require": {
                "ext-dom": "*",
                "ext-tokenizer": "*",
                "ext-xmlwriter": "*",
                "php": "^7.2 || ^8.0"
            },
            "type": "library",
            "autoload": {
                "classmap": [
                    "src/"
                ]
            },
            "notification-url": "https://packagist.org/downloads/",
            "license": [
                "BSD-3-Clause"
            ],
            "authors": [
                {
                    "name": "Arne Blankerts",
                    "email": "arne@blankerts.de",
                    "role": "Developer"
                }
            ],
            "description": "A small library for converting tokenized PHP source code into XML and potentially other formats",
            "support": {
                "issues": "https://github.com/theseer/tokenizer/issues",
                "source": "https://github.com/theseer/tokenizer/tree/1.2.3"
            },
            "funding": [
                {
                    "url": "https://github.com/theseer",
                    "type": "github"
                }
            ],
            "time": "2024-03-03T12:36:25+00:00"
        }
    ],
    "packages-dev": [],
    "aliases": [],
    "minimum-stability": "stable",
    "stability-flags": [],
    "prefer-stable": true,
    "prefer-lowest": false,
    "platform": {
        "php": ">=7.2",
        "ext-dom": "*",
        "ext-json": "*",
        "ext-libxml": "*",
        "ext-mbstring": "*",
        "ext-xml": "*",
        "ext-xmlwriter": "*"
    },
    "platform-dev": [],
    "platform-overrides": {
        "php": "7.2.0"
    },
    "plugin-api-version": "2.6.0"
}
